github.com/autom8ter/dagger v1.0.1 h1:z6SZwfH/dFxPniOukgeCir3a4ki93OPL1DrnuFTmtJA=
github.com/autom8ter/dagger v1.0.1/go.mod h1:asg7HPk+oMpvi9lu9I+IHGlz8FKSxjf61PwKe+CfVeA=
github.com/joho/godotenv v1.5.1 h1:7eLL/+HRGLY0ldzfGMeQkb7vMd0as4CfYvUVzLqw0N0=
github.com/joho/godotenv v1.5.1/go.mod h1:f4LDr5Voq0i2e/R5DDNOoa2zzDfwtkZa6DnEwAbqwq4=
github.com/maragudk/gomponents v0.21.0 h1:s0QbrirP8/rH1P4kqN48DN2zjvpk9wHkSqi4+xp99SQ=
github.com/maragudk/gomponents v0.21.0/go.mod h1:nHkNnZL6ODgMBeJhrZjkMHVvNdoYsfmpKB2/hjdQ0Hg=
